
Microsoft Visual Studio Solution File, Format Version 12.00
# Visual Studio Version 17
VisualStudioVersion = 17.2.32519.379
MinimumVisualStudioVersion = 10.0.40219.1
Project("{FAE04EC0-301F-11D3-BF4B-00C04F79EFBC}") = "LabOppgaveIfElse", "LabOppgaveIfElse\LabOppgaveIfElse.csproj", "{538EE6BD-608C-4A1A-8A3C-3B51E4529A20}"
EndProject
Global
	GlobalSection(SolutionConfigurationPlatforms) = preSolution
		Debug|Any CPU = Debug|Any CPU
		Release|Any CPU = Release|Any CPU
	EndGlobalSection
	GlobalSection(ProjectConfigurationPlatforms) = postSolution
		{538EE6BD-608C-4A1A-8A3C-3B51E4529A20}.Debug|Any CPU.ActiveCfg = Debug|Any CPU
		{538EE6BD-608C-4A1A-8A3C-3B51E4529A20}.Debug|Any CPU.Build.0 = Debug|Any CPU
		{538EE6BD-608C-4A1A-8A3C-3B51E4529A20}.Release|Any CPU.ActiveCfg = Release|Any CPU
		{538EE6BD-608C-4A1A-8A3C-3B51E4529A20}.Release|Any CPU.Build.0 = Release|Any CPU
	EndGlobalSection
	GlobalSection(SolutionProperties) = preSolution
		HideSolutionNode = FALSE
	EndGlobalSection
	GlobalSection(ExtensibilityGlobals) = postSolution
		SolutionGuid = {CE431C4D-8C68-4FD5-A249-A4A15B214B28}
	EndGlobalSection
EndGlobal
